
Microsoft Visual Studio Solution File, Format Version 12.00
# Visual Studio Version 16
VisualStudioVersion = 16.0.30611.23
MinimumVisualStudioVersion = 10.0.40219.1
Project("{FAE04EC0-301F-11D3-BF4B-00C04F79EFBC}") = "Project_Ecommerce", "Project_Ecommerce\Project_Ecommerce.csproj", "{86668A41-4B3C-4F2B-97BF-C18FE7D7F8F8}"
EndProject
Global
	GlobalSection(SolutionConfigurationPlatforms) = preSolution
		Debug|Any CPU = Debug|Any CPU
		Release|Any CPU = Release|Any CPU
	EndGlobalSection
	GlobalSection(ProjectConfigurationPlatforms) = postSolution
		{86668A41-4B3C-4F2B-97BF-C18FE7D7F8F8}.Debug|Any CPU.ActiveCfg = Debug|Any CPU
		{86668A41-4B3C-4F2B-97BF-C18FE7D7F8F8}.Debug|Any CPU.Build.0 = Debug|Any CPU
		{86668A41-4B3C-4F2B-97BF-C18FE7D7F8F8}.Release|Any CPU.ActiveCfg = Release|Any CPU
		{86668A41-4B3C-4F2B-97BF-C18FE7D7F8F8}.Release|Any CPU.Build.0 = Release|Any CPU
	EndGlobalSection
	GlobalSection(SolutionProperties) = preSolution
		HideSolutionNode = FALSE
	EndGlobalSection
	GlobalSection(ExtensibilityGlobals) = postSolution
		SolutionGuid = {82BC602E-ABA0-47BC-B47B-2F7CD977DA21}
	EndGlobalSection
EndGlobal
